
Microsoft Visual Studio Solution File, Format Version 12.00
# Visual Studio 14
VisualStudioVersion = 14.0.25420.1
MinimumVisualStudioVersion = 10.0.40219.1
Project("{FAE04EC0-301F-11D3-BF4B-00C04F79EFBC}") = "Model", "Model\Model.csproj", "{ACA00794-D59B-44FD-BBCB-55DFD7C51455}"
EndProject
Project("{FAE04EC0-301F-11D3-BF4B-00C04F79EFBC}") = "CORE", "CORE\CORE.csproj", "{3FC2FA88-E4C0-4097-96D2-AC13BFDEDBBB}"
EndProject
Project("{FAE04EC0-301F-11D3-BF4B-00C04F79EFBC}") = "DatabaseManager", "DatabaseManager\DatabaseManager.csproj", "{892EC35C-59D5-4EF3-8781-896F0B43903C}"
EndProject
Global
	GlobalSection(SolutionConfigurationPlatforms) = preSolution
		Debug|Any CPU = Debug|Any CPU
		Release|Any CPU = Release|Any CPU
	EndGlobalSection
	GlobalSection(ProjectConfigurationPlatforms) = postSolution
		{ACA00794-D59B-44FD-BBCB-55DFD7C51455}.Debug|Any CPU.ActiveCfg = Debug|Any CPU
		{ACA00794-D59B-44FD-BBCB-55DFD7C51455}.Debug|Any CPU.Build.0 = Debug|Any CPU
		{ACA00794-D59B-44FD-BBCB-55DFD7C51455}.Release|Any CPU.ActiveCfg = Release|Any CPU
		{ACA00794-D59B-44FD-BBCB-55DFD7C51455}.Release|Any CPU.Build.0 = Release|Any CPU
		{3FC2FA88-E4C0-4097-96D2-AC13BFDEDBBB}.Debug|Any CPU.ActiveCfg = Debug|Any CPU
		{3FC2FA88-E4C0-4097-96D2-AC13BFDEDBBB}.Debug|Any CPU.Build.0 = Debug|Any CPU
		{3FC2FA88-E4C0-4097-96D2-AC13BFDEDBBB}.Release|Any CPU.ActiveCfg = Release|Any CPU
		{3FC2FA88-E4C0-4097-96D2-AC13BFDEDBBB}.Release|Any CPU.Build.0 = Release|Any CPU
		{892EC35C-59D5-4EF3-8781-896F0B43903C}.Debug|Any CPU.ActiveCfg = Debug|Any CPU
		{892EC35C-59D5-4EF3-8781-896F0B43903C}.Debug|Any CPU.Build.0 = Debug|Any CPU
		{892EC35C-59D5-4EF3-8781-896F0B43903C}.Release|Any CPU.ActiveCfg = Release|Any CPU
		{892EC35C-59D5-4EF3-8781-896F0B43903C}.Release|Any CPU.Build.0 = Release|Any CPU
	EndGlobalSection
	GlobalSection(SolutionProperties) = preSolution
		HideSolutionNode = FALSE
	EndGlobalSection
EndGlobal
